
Microsoft Visual Studio Solution File, Format Version 12.00
# Visual Studio 2013
VisualStudioVersion = 12.0.40629.0
MinimumVisualStudioVersion = 10.0.40219.1
Project("{FAE04EC0-301F-11D3-BF4B-00C04F79EFBC}") = "MvcMusicStore", "MvcMusicStore\MvcMusicStore.csproj", "{EE574477-EE7F-4596-98FA-1B9FC76A98AD}"
EndProject
Project("{FAE04EC0-301F-11D3-BF4B-00C04F79EFBC}") = "MvcMusicStore.Tests", "MvcMusicStore.Tests\MvcMusicStore.Tests.csproj", "{D2CFBD11-F7BF-43B4-8417-1EBF3F6788D3}"
EndProject
Global
	GlobalSection(SolutionConfigurationPlatforms) = preSolution
		Debug|Any CPU = Debug|Any CPU
		Release|Any CPU = Release|Any CPU
	EndGlobalSection
	GlobalSection(ProjectConfigurationPlatforms) = postSolution
		{EE574477-EE7F-4596-98FA-1B9FC76A98AD}.Debug|Any CPU.ActiveCfg = Debug|Any CPU
		{EE574477-EE7F-4596-98FA-1B9FC76A98AD}.Debug|Any CPU.Build.0 = Debug|Any CPU
		{EE574477-EE7F-4596-98FA-1B9FC76A98AD}.Release|Any CPU.ActiveCfg = Release|Any CPU
		{EE574477-EE7F-4596-98FA-1B9FC76A98AD}.Release|Any CPU.Build.0 = Release|Any CPU
		{D2CFBD11-F7BF-43B4-8417-1EBF3F6788D3}.Debug|Any CPU.ActiveCfg = Debug|Any CPU
		{D2CFBD11-F7BF-43B4-8417-1EBF3F6788D3}.Debug|Any CPU.Build.0 = Debug|Any CPU
		{D2CFBD11-F7BF-43B4-8417-1EBF3F6788D3}.Release|Any CPU.ActiveCfg = Release|Any CPU
		{D2CFBD11-F7BF-43B4-8417-1EBF3F6788D3}.Release|Any CPU.Build.0 = Release|Any CPU
	EndGlobalSection
	GlobalSection(SolutionProperties) = preSolution
		HideSolutionNode = FALSE
	EndGlobalSection
EndGlobal
